
Microsoft Visual Studio Solution File, Format Version 12.00
# Visual Studio 2012
Project("{FAE04EC0-301F-11D3-BF4B-00C04F79EFBC}") = "01.CollectTrashesInTrashBucket", "01.CollectTrashesInTrashBucket\01.CollectTrashesInTrashBucket.csproj", "{4F9CE965-6D72-469E-B3E0-B6C244C7B5E1}"
EndProject
Project("{FAE04EC0-301F-11D3-BF4B-00C04F79EFBC}") = "02.AddingScores", "02.AddingScores\02.AddingScores.csproj", "{F42B9792-989E-4825-8493-BDAB0C7F1C28}"
EndProject
Project("{FAE04EC0-301F-11D3-BF4B-00C04F79EFBC}") = "03.LocalAndSessionStorageForOldBrowsers", "03.LocalAndSessionStorageForOldBrowsers\03.LocalAndSessionStorageForOldBrowsers.csproj", "{B0EADC5C-F3A0-48FE-89E7-F373A2B1F28B}"
EndProject
Global
	GlobalSection(SolutionConfigurationPlatforms) = preSolution
		Debug|Any CPU = Debug|Any CPU
		Release|Any CPU = Release|Any CPU
	EndGlobalSection
	GlobalSection(ProjectConfigurationPlatforms) = postSolution
		{4F9CE965-6D72-469E-B3E0-B6C244C7B5E1}.Debug|Any CPU.ActiveCfg = Debug|Any CPU
		{4F9CE965-6D72-469E-B3E0-B6C244C7B5E1}.Debug|Any CPU.Build.0 = Debug|Any CPU
		{4F9CE965-6D72-469E-B3E0-B6C244C7B5E1}.Release|Any CPU.ActiveCfg = Release|Any CPU
		{4F9CE965-6D72-469E-B3E0-B6C244C7B5E1}.Release|Any CPU.Build.0 = Release|Any CPU
		{F42B9792-989E-4825-8493-BDAB0C7F1C28}.Debug|Any CPU.ActiveCfg = Debug|Any CPU
		{F42B9792-989E-4825-8493-BDAB0C7F1C28}.Debug|Any CPU.Build.0 = Debug|Any CPU
		{F42B9792-989E-4825-8493-BDAB0C7F1C28}.Release|Any CPU.ActiveCfg = Release|Any CPU
		{F42B9792-989E-4825-8493-BDAB0C7F1C28}.Release|Any CPU.Build.0 = Release|Any CPU
		{B0EADC5C-F3A0-48FE-89E7-F373A2B1F28B}.Debug|Any CPU.ActiveCfg = Debug|Any CPU
		{B0EADC5C-F3A0-48FE-89E7-F373A2B1F28B}.Debug|Any CPU.Build.0 = Debug|Any CPU
		{B0EADC5C-F3A0-48FE-89E7-F373A2B1F28B}.Release|Any CPU.ActiveCfg = Release|Any CPU
		{B0EADC5C-F3A0-48FE-89E7-F373A2B1F28B}.Release|Any CPU.Build.0 = Release|Any CPU
	EndGlobalSection
	GlobalSection(SolutionProperties) = preSolution
		HideSolutionNode = FALSE
	EndGlobalSection
EndGlobal
